
Microsoft Visual Studio Solution File, Format Version 12.00
# Visual Studio 15
VisualStudioVersion = 15.0.28307.421
MinimumVisualStudioVersion = 10.0.40219.1
Project("{FAE04EC0-301F-11D3-BF4B-00C04F79EFBC}") = "FileProps", "FileProps\FileProps.csproj", "{6ADAC468-9806-4B97-885D-BD9C64F07815}"
EndProject
Global
	GlobalSection(SolutionConfigurationPlatforms) = preSolution
		Debug|Any CPU = Debug|Any CPU
		Release|Any CPU = Release|Any CPU
	EndGlobalSection
	GlobalSection(ProjectConfigurationPlatforms) = postSolution
		{6ADAC468-9806-4B97-885D-BD9C64F07815}.Debug|Any CPU.ActiveCfg = Debug|Any CPU
		{6ADAC468-9806-4B97-885D-BD9C64F07815}.Debug|Any CPU.Build.0 = Debug|Any CPU
		{6ADAC468-9806-4B97-885D-BD9C64F07815}.Release|Any CPU.ActiveCfg = Release|Any CPU
		{6ADAC468-9806-4B97-885D-BD9C64F07815}.Release|Any CPU.Build.0 = Release|Any CPU
	EndGlobalSection
	GlobalSection(SolutionProperties) = preSolution
		HideSolutionNode = FALSE
	EndGlobalSection
	GlobalSection(ExtensibilityGlobals) = postSolution
		SolutionGuid = {E66E158E-7E42-45CD-A9C9-96F9E7441545}
	EndGlobalSection
EndGlobal
